
Microsoft Visual Studio Solution File, Format Version 12.00
# Visual Studio Version 17
VisualStudioVersion = 17.13.35919.96
MinimumVisualStudioVersion = 10.0.40219.1
Project("{8BC9CEB8-8B4A-11D0-8D11-00A0C91BC942}") = "Bai08", "Bai08\Bai08.vcxproj", "{0F2B537A-533B-4B6D-A4B3-49E5307E3ADF}"
EndProject
Project("{8BC9CEB8-8B4A-11D0-8D11-00A0C91BC942}") = "Bai01", "Bai01\Bai01.vcxproj", "{A9236C31-4D4B-40A6-9C06-E1A15895205B}"
EndProject
Project("{8BC9CEB8-8B4A-11D0-8D11-00A0C91BC942}") = "Bai02", "Bai02\Bai02.vcxproj", "{99CEA25C-E1F3-4321-89D6-5E93852E31E3}"
EndProject
Project("{8BC9CEB8-8B4A-11D0-8D11-00A0C91BC942}") = "Bai03", "Bai03\Bai03.vcxproj", "{A1FA15D3-62D4-4ADA-93AC-FF6EBE42976D}"
EndProject
Project("{8BC9CEB8-8B4A-11D0-8D11-00A0C91BC942}") = "Bai04", "Bai04\Bai04.vcxproj", "{15F23153-4FD0-45AB-86F9-AF44FA6B9C63}"
EndProject
Project("{8BC9CEB8-8B4A-11D0-8D11-00A0C91BC942}") = "Bai05", "Bai05\Bai05.vcxproj", "{D0062AB9-83A8-489B-86D5-4F0DD70FA5D1}"
EndProject
Project("{8BC9CEB8-8B4A-11D0-8D11-00A0C91BC942}") = "Bai06", "Bai06\Bai06.vcxproj", "{3D042AB7-8BBC-4EE4-8DC0-67AF1E0E39BD}"
EndProject
Project("{8BC9CEB8-8B4A-11D0-8D11-00A0C91BC942}") = "Bai07", "Bai07\Bai07.vcxproj", "{56C9A5F5-2588-45E0-8ADA-A745B7632C26}"
EndProject
Project("{8BC9CEB8-8B4A-11D0-8D11-00A0C91BC942}") = "Bai09", "Bai09\Bai09.vcxproj", "{C8BCF4E8-1EBF-44B7-87FC-E455919275A0}"
EndProject
Global
	GlobalSection(SolutionConfigurationPlatforms) = preSolution
		Debug|x64 = Debug|x64
		Debug|x86 = Debug|x86
		Release|x64 = Release|x64
		Release|x86 = Release|x86
	EndGlobalSection
	GlobalSection(ProjectConfigurationPlatforms) = postSolution
		{0F2B537A-533B-4B6D-A4B3-49E5307E3ADF}.Debug|x64.ActiveCfg = Debug|x64
		{0F2B537A-533B-4B6D-A4B3-49E5307E3ADF}.Debug|x64.Build.0 = Debug|x64
		{0F2B537A-533B-4B6D-A4B3-49E5307E3ADF}.Debug|x86.ActiveCfg = Debug|Win32
		{0F2B537A-533B-4B6D-A4B3-49E5307E3ADF}.Debug|x86.Build.0 = Debug|Win32
		{0F2B537A-533B-4B6D-A4B3-49E5307E3ADF}.Release|x64.ActiveCfg = Release|x64
		{0F2B537A-533B-4B6D-A4B3-49E5307E3ADF}.Release|x64.Build.0 = Release|x64
		{0F2B537A-533B-4B6D-A4B3-49E5307E3ADF}.Release|x86.ActiveCfg = Release|Win32
		{0F2B537A-533B-4B6D-A4B3-49E5307E3ADF}.Release|x86.Build.0 = Release|Win32
		{A9236C31-4D4B-40A6-9C06-E1A15895205B}.Debug|x64.ActiveCfg = Debug|x64
		{A9236C31-4D4B-40A6-9C06-E1A15895205B}.Debug|x64.Build.0 = Debug|x64
		{A9236C31-4D4B-40A6-9C06-E1A15895205B}.Debug|x86.ActiveCfg = Debug|Win32
		{A9236C31-4D4B-40A6-9C06-E1A15895205B}.Debug|x86.Build.0 = Debug|Win32
		{A9236C31-4D4B-40A6-9C06-E1A15895205B}.Release|x64.ActiveCfg = Release|x64
		{A9236C31-4D4B-40A6-9C06-E1A15895205B}.Release|x64.Build.0 = Release|x64
		{A9236C31-4D4B-40A6-9C06-E1A15895205B}.Release|x86.ActiveCfg = Release|Win32
		{A9236C31-4D4B-40A6-9C06-E1A15895205B}.Release|x86.Build.0 = Release|Win32
		{99CEA25C-E1F3-4321-89D6-5E93852E31E3}.Debug|x64.ActiveCfg = Debug|x64
		{99CEA25C-E1F3-4321-89D6-5E93852E31E3}.Debug|x64.Build.0 = Debug|x64
		{99CEA25C-E1F3-4321-89D6-5E93852E31E3}.Debug|x86.ActiveCfg = Debug|Win32
		{99CEA25C-E1F3-4321-89D6-5E93852E31E3}.Debug|x86.Build.0 = Debug|Win32
		{99CEA25C-E1F3-4321-89D6-5E93852E31E3}.Release|x64.ActiveCfg = Release|x64
		{99CEA25C-E1F3-4321-89D6-5E93852E31E3}.Release|x64.Build.0 = Release|x64
		{99CEA25C-E1F3-4321-89D6-5E93852E31E3}.Release|x86.ActiveCfg = Release|Win32
		{99CEA25C-E1F3-4321-89D6-5E93852E31E3}.Release|x86.Build.0 = Release|Win32
		{A1FA15D3-62D4-4ADA-93AC-FF6EBE42976D}.Debug|x64.ActiveCfg = Debug|x64
		{A1FA15D3-62D4-4ADA-93AC-FF6EBE42976D}.Debug|x64.Build.0 = Debug|x64
		{A1FA15D3-62D4-4ADA-93AC-FF6EBE42976D}.Debug|x86.ActiveCfg = Debug|Win32
		{A1FA15D3-62D4-4ADA-93AC-FF6EBE42976D}.Debug|x86.Build.0 = Debug|Win32
		{A1FA15D3-62D4-4ADA-93AC-FF6EBE42976D}.Release|x64.ActiveCfg = Release|x64
		{A1FA15D3-62D4-4ADA-93AC-FF6EBE42976D}.Release|x64.Build.0 = Release|x64
		{A1FA15D3-62D4-4ADA-93AC-FF6EBE42976D}.Release|x86.ActiveCfg = Release|Win32
		{A1FA15D3-62D4-4ADA-93AC-FF6EBE42976D}.Release|x86.Build.0 = Release|Win32
		{15F23153-4FD0-45AB-86F9-AF44FA6B9C63}.Debug|x64.ActiveCfg = Debug|x64
		{15F23153-4FD0-45AB-86F9-AF44FA6B9C63}.Debug|x64.Build.0 = Debug|x64
		{15F23153-4FD0-45AB-86F9-AF44FA6B9C63}.Debug|x86.ActiveCfg = Debug|Win32
		{15F23153-4FD0-45AB-86F9-AF44FA6B9C63}.Debug|x86.Build.0 = Debug|Win32
		{15F23153-4FD0-45AB-86F9-AF44FA6B9C63}.Release|x64.ActiveCfg = Release|x64
		{15F23153-4FD0-45AB-86F9-AF44FA6B9C63}.Release|x64.Build.0 = Release|x64
		{15F23153-4FD0-45AB-86F9-AF44FA6B9C63}.Release|x86.ActiveCfg = Release|Win32
		{15F23153-4FD0-45AB-86F9-AF44FA6B9C63}.Release|x86.Build.0 = Release|Win32
		{D0062AB9-83A8-489B-86D5-4F0DD70FA5D1}.Debug|x64.ActiveCfg = Debug|x64
		{D0062AB9-83A8-489B-86D5-4F0DD70FA5D1}.Debug|x64.Build.0 = Debug|x64
		{D0062AB9-83A8-489B-86D5-4F0DD70FA5D1}.Debug|x86.ActiveCfg = Debug|Win32
		{D0062AB9-83A8-489B-86D5-4F0DD70FA5D1}.Debug|x86.Build.0 = Debug|Win32
		{D0062AB9-83A8-489B-86D5-4F0DD70FA5D1}.Release|x64.ActiveCfg = Release|x64
		{D0062AB9-83A8-489B-86D5-4F0DD70FA5D1}.Release|x64.Build.0 = Release|x64
		{D0062AB9-83A8-489B-86D5-4F0DD70FA5D1}.Release|x86.ActiveCfg = Release|Win32
		{D0062AB9-83A8-489B-86D5-4F0DD70FA5D1}.Release|x86.Build.0 = Release|Win32
		{3D042AB7-8BBC-4EE4-8DC0-67AF1E0E39BD}.Debug|x64.ActiveCfg = Debug|x64
		{3D042AB7-8BBC-4EE4-8DC0-67AF1E0E39BD}.Debug|x64.Build.0 = Debug|x64
		{3D042AB7-8BBC-4EE4-8DC0-67AF1E0E39BD}.Debug|x86.ActiveCfg = Debug|Win32
		{3D042AB7-8BBC-4EE4-8DC0-67AF1E0E39BD}.Debug|x86.Build.0 = Debug|Win32
		{3D042AB7-8BBC-4EE4-8DC0-67AF1E0E39BD}.Release|x64.ActiveCfg = Release|x64
		{3D042AB7-8BBC-4EE4-8DC0-67AF1E0E39BD}.Release|x64.Build.0 = Release|x64
		{3D042AB7-8BBC-4EE4-8DC0-67AF1E0E39BD}.Release|x86.ActiveCfg = Release|Win32
		{3D042AB7-8BBC-4EE4-8DC0-67AF1E0E39BD}.Release|x86.Build.0 = Release|Win32
		{56C9A5F5-2588-45E0-8ADA-A745B7632C26}.Debug|x64.ActiveCfg = Debug|x64
		{56C9A5F5-2588-45E0-8ADA-A745B7632C26}.Debug|x64.Build.0 = Debug|x64
		{56C9A5F5-2588-45E0-8ADA-A745B7632C26}.Debug|x86.ActiveCfg = Debug|Win32
		{56C9A5F5-2588-45E0-8ADA-A745B7632C26}.Debug|x86.Build.0 = Debug|Win32
		{56C9A5F5-2588-45E0-8ADA-A745B7632C26}.Release|x64.ActiveCfg = Release|x64
		{56C9A5F5-2588-45E0-8ADA-A745B7632C26}.Release|x64.Build.0 = Release|x64
		{56C9A5F5-2588-45E0-8ADA-A745B7632C26}.Release|x86.ActiveCfg = Release|Win32
		{56C9A5F5-2588-45E0-8ADA-A745B7632C26}.Release|x86.Build.0 = Release|Win32
		{C8BCF4E8-1EBF-44B7-87FC-E455919275A0}.Debug|x64.ActiveCfg = Debug|x64
		{C8BCF4E8-1EBF-44B7-87FC-E455919275A0}.Debug|x64.Build.0 = Debug|x64
		{C8BCF4E8-1EBF-44B7-87FC-E455919275A0}.Debug|x86.ActiveCfg = Debug|Win32
		{C8BCF4E8-1EBF-44B7-87FC-E455919275A0}.Debug|x86.Build.0 = Debug|Win32
		{C8BCF4E8-1EBF-44B7-87FC-E455919275A0}.Release|x64.ActiveCfg = Release|x64
		{C8BCF4E8-1EBF-44B7-87FC-E455919275A0}.Release|x64.Build.0 = Release|x64
		{C8BCF4E8-1EBF-44B7-87FC-E455919275A0}.Release|x86.ActiveCfg = Release|Win32
		{C8BCF4E8-1EBF-44B7-87FC-E455919275A0}.Release|x86.Build.0 = Release|Win32
	EndGlobalSection
	GlobalSection(SolutionProperties) = preSolution
		HideSolutionNode = FALSE
	EndGlobalSection
	GlobalSection(ExtensibilityGlobals) = postSolution
		SolutionGuid = {C1043D9C-8CD3-4532-9DE1-6D452782E283}
	EndGlobalSection
EndGlobal
