
Microsoft Visual Studio Solution File, Format Version 12.00
# Visual Studio Version 17
VisualStudioVersion = 17.13.35825.156 d17.13
MinimumVisualStudioVersion = 10.0.40219.1
Project("{8BC9CEB8-8B4A-11D0-8D11-00A0C91BC942}") = "Bai01", "Bai01\Bai01.vcxproj", "{2AA6C33C-E80A-49C1-8FBC-D389E19A2CF3}"
EndProject
Project("{8BC9CEB8-8B4A-11D0-8D11-00A0C91BC942}") = "Bai02", "Bai02\Bai02.vcxproj", "{3EDF05F8-C76A-4479-BA93-24C9862FF017}"
EndProject
Project("{8BC9CEB8-8B4A-11D0-8D11-00A0C91BC942}") = "Bai03", "Bai03\Bai03.vcxproj", "{53FBE57C-BA4D-408F-AE9D-F40F9BF0E3DE}"
EndProject
Project("{8BC9CEB8-8B4A-11D0-8D11-00A0C91BC942}") = "Bai04", "Bai04\Bai04.vcxproj", "{5FA1999C-B3E2-4A97-9D04-74F89B06AB3E}"
EndProject
Project("{8BC9CEB8-8B4A-11D0-8D11-00A0C91BC942}") = "Bai05", "Bai05\Bai05.vcxproj", "{D28F1BE2-A4C5-419B-B924-3A81AE2F77AF}"
EndProject
Project("{8BC9CEB8-8B4A-11D0-8D11-00A0C91BC942}") = "Bai06", "Bai06\Bai06.vcxproj", "{E16E2382-E959-4442-94F1-BA82CA6C57C1}"
EndProject
Project("{8BC9CEB8-8B4A-11D0-8D11-00A0C91BC942}") = "Bai07", "Bai07\Bai07.vcxproj", "{0E58B8D8-5A0A-453D-8C21-77A65C4C7F80}"
EndProject
Project("{8BC9CEB8-8B4A-11D0-8D11-00A0C91BC942}") = "Bai08", "Bai08\Bai08.vcxproj", "{BF42CCF6-C5DC-4D09-B6D0-331969DBCA83}"
EndProject
Project("{8BC9CEB8-8B4A-11D0-8D11-00A0C91BC942}") = "Bai09", "Bai09\Bai09.vcxproj", "{A9387069-2CC1-4990-B8FD-04886F621CDA}"
EndProject
Global
	GlobalSection(SolutionConfigurationPlatforms) = preSolution
		Debug|x64 = Debug|x64
		Debug|x86 = Debug|x86
		Release|x64 = Release|x64
		Release|x86 = Release|x86
	EndGlobalSection
	GlobalSection(ProjectConfigurationPlatforms) = postSolution
		{2AA6C33C-E80A-49C1-8FBC-D389E19A2CF3}.Debug|x64.ActiveCfg = Debug|x64
		{2AA6C33C-E80A-49C1-8FBC-D389E19A2CF3}.Debug|x64.Build.0 = Debug|x64
		{2AA6C33C-E80A-49C1-8FBC-D389E19A2CF3}.Debug|x86.ActiveCfg = Debug|Win32
		{2AA6C33C-E80A-49C1-8FBC-D389E19A2CF3}.Debug|x86.Build.0 = Debug|Win32
		{2AA6C33C-E80A-49C1-8FBC-D389E19A2CF3}.Release|x64.ActiveCfg = Release|x64
		{2AA6C33C-E80A-49C1-8FBC-D389E19A2CF3}.Release|x64.Build.0 = Release|x64
		{2AA6C33C-E80A-49C1-8FBC-D389E19A2CF3}.Release|x86.ActiveCfg = Release|Win32
		{2AA6C33C-E80A-49C1-8FBC-D389E19A2CF3}.Release|x86.Build.0 = Release|Win32
		{3EDF05F8-C76A-4479-BA93-24C9862FF017}.Debug|x64.ActiveCfg = Debug|x64
		{3EDF05F8-C76A-4479-BA93-24C9862FF017}.Debug|x64.Build.0 = Debug|x64
		{3EDF05F8-C76A-4479-BA93-24C9862FF017}.Debug|x86.ActiveCfg = Debug|Win32
		{3EDF05F8-C76A-4479-BA93-24C9862FF017}.Debug|x86.Build.0 = Debug|Win32
		{3EDF05F8-C76A-4479-BA93-24C9862FF017}.Release|x64.ActiveCfg = Release|x64
		{3EDF05F8-C76A-4479-BA93-24C9862FF017}.Release|x64.Build.0 = Release|x64
		{3EDF05F8-C76A-4479-BA93-24C9862FF017}.Release|x86.ActiveCfg = Release|Win32
		{3EDF05F8-C76A-4479-BA93-24C9862FF017}.Release|x86.Build.0 = Release|Win32
		{53FBE57C-BA4D-408F-AE9D-F40F9BF0E3DE}.Debug|x64.ActiveCfg = Debug|x64
		{53FBE57C-BA4D-408F-AE9D-F40F9BF0E3DE}.Debug|x64.Build.0 = Debug|x64
		{53FBE57C-BA4D-408F-AE9D-F40F9BF0E3DE}.Debug|x86.ActiveCfg = Debug|Win32
		{53FBE57C-BA4D-408F-AE9D-F40F9BF0E3DE}.Debug|x86.Build.0 = Debug|Win32
		{53FBE57C-BA4D-408F-AE9D-F40F9BF0E3DE}.Release|x64.ActiveCfg = Release|x64
		{53FBE57C-BA4D-408F-AE9D-F40F9BF0E3DE}.Release|x64.Build.0 = Release|x64
		{53FBE57C-BA4D-408F-AE9D-F40F9BF0E3DE}.Release|x86.ActiveCfg = Release|Win32
		{53FBE57C-BA4D-408F-AE9D-F40F9BF0E3DE}.Release|x86.Build.0 = Release|Win32
		{5FA1999C-B3E2-4A97-9D04-74F89B06AB3E}.Debug|x64.ActiveCfg = Debug|x64
		{5FA1999C-B3E2-4A97-9D04-74F89B06AB3E}.Debug|x64.Build.0 = Debug|x64
		{5FA1999C-B3E2-4A97-9D04-74F89B06AB3E}.Debug|x86.ActiveCfg = Debug|Win32
		{5FA1999C-B3E2-4A97-9D04-74F89B06AB3E}.Debug|x86.Build.0 = Debug|Win32
		{5FA1999C-B3E2-4A97-9D04-74F89B06AB3E}.Release|x64.ActiveCfg = Release|x64
		{5FA1999C-B3E2-4A97-9D04-74F89B06AB3E}.Release|x64.Build.0 = Release|x64
		{5FA1999C-B3E2-4A97-9D04-74F89B06AB3E}.Release|x86.ActiveCfg = Release|Win32
		{5FA1999C-B3E2-4A97-9D04-74F89B06AB3E}.Release|x86.Build.0 = Release|Win32
		{D28F1BE2-A4C5-419B-B924-3A81AE2F77AF}.Debug|x64.ActiveCfg = Debug|x64
		{D28F1BE2-A4C5-419B-B924-3A81AE2F77AF}.Debug|x64.Build.0 = Debug|x64
		{D28F1BE2-A4C5-419B-B924-3A81AE2F77AF}.Debug|x86.ActiveCfg = Debug|Win32
		{D28F1BE2-A4C5-419B-B924-3A81AE2F77AF}.Debug|x86.Build.0 = Debug|Win32
		{D28F1BE2-A4C5-419B-B924-3A81AE2F77AF}.Release|x64.ActiveCfg = Release|x64
		{D28F1BE2-A4C5-419B-B924-3A81AE2F77AF}.Release|x64.Build.0 = Release|x64
		{D28F1BE2-A4C5-419B-B924-3A81AE2F77AF}.Release|x86.ActiveCfg = Release|Win32
		{D28F1BE2-A4C5-419B-B924-3A81AE2F77AF}.Release|x86.Build.0 = Release|Win32
		{E16E2382-E959-4442-94F1-BA82CA6C57C1}.Debug|x64.ActiveCfg = Debug|x64
		{E16E2382-E959-4442-94F1-BA82CA6C57C1}.Debug|x64.Build.0 = Debug|x64
		{E16E2382-E959-4442-94F1-BA82CA6C57C1}.Debug|x86.ActiveCfg = Debug|Win32
		{E16E2382-E959-4442-94F1-BA82CA6C57C1}.Debug|x86.Build.0 = Debug|Win32
		{E16E2382-E959-4442-94F1-BA82CA6C57C1}.Release|x64.ActiveCfg = Release|x64
		{E16E2382-E959-4442-94F1-BA82CA6C57C1}.Release|x64.Build.0 = Release|x64
		{E16E2382-E959-4442-94F1-BA82CA6C57C1}.Release|x86.ActiveCfg = Release|Win32
		{E16E2382-E959-4442-94F1-BA82CA6C57C1}.Release|x86.Build.0 = Release|Win32
		{0E58B8D8-5A0A-453D-8C21-77A65C4C7F80}.Debug|x64.ActiveCfg = Debug|x64
		{0E58B8D8-5A0A-453D-8C21-77A65C4C7F80}.Debug|x64.Build.0 = Debug|x64
		{0E58B8D8-5A0A-453D-8C21-77A65C4C7F80}.Debug|x86.ActiveCfg = Debug|Win32
		{0E58B8D8-5A0A-453D-8C21-77A65C4C7F80}.Debug|x86.Build.0 = Debug|Win32
		{0E58B8D8-5A0A-453D-8C21-77A65C4C7F80}.Release|x64.ActiveCfg = Release|x64
		{0E58B8D8-5A0A-453D-8C21-77A65C4C7F80}.Release|x64.Build.0 = Release|x64
		{0E58B8D8-5A0A-453D-8C21-77A65C4C7F80}.Release|x86.ActiveCfg = Release|Win32
		{0E58B8D8-5A0A-453D-8C21-77A65C4C7F80}.Release|x86.Build.0 = Release|Win32
		{BF42CCF6-C5DC-4D09-B6D0-331969DBCA83}.Debug|x64.ActiveCfg = Debug|x64
		{BF42CCF6-C5DC-4D09-B6D0-331969DBCA83}.Debug|x64.Build.0 = Debug|x64
		{BF42CCF6-C5DC-4D09-B6D0-331969DBCA83}.Debug|x86.ActiveCfg = Debug|Win32
		{BF42CCF6-C5DC-4D09-B6D0-331969DBCA83}.Debug|x86.Build.0 = Debug|Win32
		{BF42CCF6-C5DC-4D09-B6D0-331969DBCA83}.Release|x64.ActiveCfg = Release|x64
		{BF42CCF6-C5DC-4D09-B6D0-331969DBCA83}.Release|x64.Build.0 = Release|x64
		{BF42CCF6-C5DC-4D09-B6D0-331969DBCA83}.Release|x86.ActiveCfg = Release|Win32
		{BF42CCF6-C5DC-4D09-B6D0-331969DBCA83}.Release|x86.Build.0 = Release|Win32
		{A9387069-2CC1-4990-B8FD-04886F621CDA}.Debug|x64.ActiveCfg = Debug|x64
		{A9387069-2CC1-4990-B8FD-04886F621CDA}.Debug|x64.Build.0 = Debug|x64
		{A9387069-2CC1-4990-B8FD-04886F621CDA}.Debug|x86.ActiveCfg = Debug|Win32
		{A9387069-2CC1-4990-B8FD-04886F621CDA}.Debug|x86.Build.0 = Debug|Win32
		{A9387069-2CC1-4990-B8FD-04886F621CDA}.Release|x64.ActiveCfg = Release|x64
		{A9387069-2CC1-4990-B8FD-04886F621CDA}.Release|x64.Build.0 = Release|x64
		{A9387069-2CC1-4990-B8FD-04886F621CDA}.Release|x86.ActiveCfg = Release|Win32
		{A9387069-2CC1-4990-B8FD-04886F621CDA}.Release|x86.Build.0 = Release|Win32
	EndGlobalSection
	GlobalSection(SolutionProperties) = preSolution
		HideSolutionNode = FALSE
	EndGlobalSection
	GlobalSection(ExtensibilityGlobals) = postSolution
		SolutionGuid = {A9045110-D9AB-4166-9698-6AD61D0EC1F0}
	EndGlobalSection
EndGlobal
