
Microsoft Visual Studio Solution File, Format Version 12.00
# Visual Studio Version 17
VisualStudioVersion = 17.13.35919.96
MinimumVisualStudioVersion = 10.0.40219.1
Project("{8BC9CEB8-8B4A-11D0-8D11-00A0C91BC942}") = "Bai01", "Bai01\Bai01.vcxproj", "{5042FD98-C407-4E12-BECD-050395D79AFC}"
EndProject
Project("{8BC9CEB8-8B4A-11D0-8D11-00A0C91BC942}") = "Bai02", "Bai02\Bai02.vcxproj", "{ACE6F461-F231-4017-AD2A-ABA2811BE7E1}"
EndProject
Project("{8BC9CEB8-8B4A-11D0-8D11-00A0C91BC942}") = "Bai03", "Bai03\Bai03.vcxproj", "{595F3A5A-85DC-432B-A862-DD6640FC8990}"
EndProject
Project("{8BC9CEB8-8B4A-11D0-8D11-00A0C91BC942}") = "Bai04", "Bai04\Bai04.vcxproj", "{FE78048D-9700-4268-AC78-75B00591DF4B}"
EndProject
Project("{8BC9CEB8-8B4A-11D0-8D11-00A0C91BC942}") = "Bai05", "Bai05\Bai05.vcxproj", "{F06BE4F2-BF57-4AE4-8F10-87F09D6AC6F2}"
EndProject
Project("{8BC9CEB8-8B4A-11D0-8D11-00A0C91BC942}") = "Bai06", "Bai06\Bai06.vcxproj", "{F7C6FEBE-1D1F-4493-8121-6A11B31C99FC}"
EndProject
Project("{8BC9CEB8-8B4A-11D0-8D11-00A0C91BC942}") = "Bai07", "Bai07\Bai07.vcxproj", "{7B3CB066-0C07-4423-9AFA-B7A83E33C674}"
EndProject
Project("{8BC9CEB8-8B4A-11D0-8D11-00A0C91BC942}") = "Bai08", "Bai08\Bai08.vcxproj", "{5DE791E4-E15E-4045-866E-25539CE239F3}"
EndProject
Project("{8BC9CEB8-8B4A-11D0-8D11-00A0C91BC942}") = "Bai09", "Bai09\Bai09.vcxproj", "{1F8B9D26-6FB3-467E-BB2B-9218CC420B55}"
EndProject
Project("{8BC9CEB8-8B4A-11D0-8D11-00A0C91BC942}") = "Bai10", "Bai10\Bai10.vcxproj", "{23C75397-4C6D-4F0C-BDF5-2E0B51418509}"
EndProject
Project("{8BC9CEB8-8B4A-11D0-8D11-00A0C91BC942}") = "Bai11", "Bai11\Bai11.vcxproj", "{69D259D0-1E5D-4CA4-9D86-505725208383}"
EndProject
Project("{8BC9CEB8-8B4A-11D0-8D11-00A0C91BC942}") = "Bai12", "Bai12\Bai12.vcxproj", "{DEF8A712-ADC6-4492-AF77-82E8EBED1D79}"
EndProject
Project("{8BC9CEB8-8B4A-11D0-8D11-00A0C91BC942}") = "Bai13", "Bai13\Bai13.vcxproj", "{81A401A2-4228-402E-AF67-13056C4F520B}"
EndProject
Project("{8BC9CEB8-8B4A-11D0-8D11-00A0C91BC942}") = "Bai14", "Bai14\Bai14.vcxproj", "{E1E54DFB-A7CB-42A5-B4E6-5E6CA3BA532C}"
EndProject
Project("{8BC9CEB8-8B4A-11D0-8D11-00A0C91BC942}") = "Bai15", "Bai15\Bai15.vcxproj", "{CC6F39C1-4797-4F7F-B347-E4F461EC683B}"
EndProject
Project("{8BC9CEB8-8B4A-11D0-8D11-00A0C91BC942}") = "Bai16", "Bai16\Bai16.vcxproj", "{A2F60815-0B87-4780-B4C2-644BD6934FC3}"
EndProject
Project("{8BC9CEB8-8B4A-11D0-8D11-00A0C91BC942}") = "Bai17", "Bai17\Bai17.vcxproj", "{CEA5A7B2-2A3E-4112-9EA0-8F3CA34293A0}"
EndProject
Project("{8BC9CEB8-8B4A-11D0-8D11-00A0C91BC942}") = "Bai18", "Bai18\Bai18.vcxproj", "{8F22C909-AB3E-4BE7-BD17-3D086E79F823}"
EndProject
Global
	GlobalSection(SolutionConfigurationPlatforms) = preSolution
		Debug|x64 = Debug|x64
		Debug|x86 = Debug|x86
		Release|x64 = Release|x64
		Release|x86 = Release|x86
	EndGlobalSection
	GlobalSection(ProjectConfigurationPlatforms) = postSolution
		{5042FD98-C407-4E12-BECD-050395D79AFC}.Debug|x64.ActiveCfg = Debug|x64
		{5042FD98-C407-4E12-BECD-050395D79AFC}.Debug|x64.Build.0 = Debug|x64
		{5042FD98-C407-4E12-BECD-050395D79AFC}.Debug|x86.ActiveCfg = Debug|Win32
		{5042FD98-C407-4E12-BECD-050395D79AFC}.Debug|x86.Build.0 = Debug|Win32
		{5042FD98-C407-4E12-BECD-050395D79AFC}.Release|x64.ActiveCfg = Release|x64
		{5042FD98-C407-4E12-BECD-050395D79AFC}.Release|x64.Build.0 = Release|x64
		{5042FD98-C407-4E12-BECD-050395D79AFC}.Release|x86.ActiveCfg = Release|Win32
		{5042FD98-C407-4E12-BECD-050395D79AFC}.Release|x86.Build.0 = Release|Win32
		{ACE6F461-F231-4017-AD2A-ABA2811BE7E1}.Debug|x64.ActiveCfg = Debug|x64
		{ACE6F461-F231-4017-AD2A-ABA2811BE7E1}.Debug|x64.Build.0 = Debug|x64
		{ACE6F461-F231-4017-AD2A-ABA2811BE7E1}.Debug|x86.ActiveCfg = Debug|Win32
		{ACE6F461-F231-4017-AD2A-ABA2811BE7E1}.Debug|x86.Build.0 = Debug|Win32
		{ACE6F461-F231-4017-AD2A-ABA2811BE7E1}.Release|x64.ActiveCfg = Release|x64
		{ACE6F461-F231-4017-AD2A-ABA2811BE7E1}.Release|x64.Build.0 = Release|x64
		{ACE6F461-F231-4017-AD2A-ABA2811BE7E1}.Release|x86.ActiveCfg = Release|Win32
		{ACE6F461-F231-4017-AD2A-ABA2811BE7E1}.Release|x86.Build.0 = Release|Win32
		{595F3A5A-85DC-432B-A862-DD6640FC8990}.Debug|x64.ActiveCfg = Debug|x64
		{595F3A5A-85DC-432B-A862-DD6640FC8990}.Debug|x64.Build.0 = Debug|x64
		{595F3A5A-85DC-432B-A862-DD6640FC8990}.Debug|x86.ActiveCfg = Debug|Win32
		{595F3A5A-85DC-432B-A862-DD6640FC8990}.Debug|x86.Build.0 = Debug|Win32
		{595F3A5A-85DC-432B-A862-DD6640FC8990}.Release|x64.ActiveCfg = Release|x64
		{595F3A5A-85DC-432B-A862-DD6640FC8990}.Release|x64.Build.0 = Release|x64
		{595F3A5A-85DC-432B-A862-DD6640FC8990}.Release|x86.ActiveCfg = Release|Win32
		{595F3A5A-85DC-432B-A862-DD6640FC8990}.Release|x86.Build.0 = Release|Win32
		{FE78048D-9700-4268-AC78-75B00591DF4B}.Debug|x64.ActiveCfg = Debug|x64
		{FE78048D-9700-4268-AC78-75B00591DF4B}.Debug|x64.Build.0 = Debug|x64
		{FE78048D-9700-4268-AC78-75B00591DF4B}.Debug|x86.ActiveCfg = Debug|Win32
		{FE78048D-9700-4268-AC78-75B00591DF4B}.Debug|x86.Build.0 = Debug|Win32
		{FE78048D-9700-4268-AC78-75B00591DF4B}.Release|x64.ActiveCfg = Release|x64
		{FE78048D-9700-4268-AC78-75B00591DF4B}.Release|x64.Build.0 = Release|x64
		{FE78048D-9700-4268-AC78-75B00591DF4B}.Release|x86.ActiveCfg = Release|Win32
		{FE78048D-9700-4268-AC78-75B00591DF4B}.Release|x86.Build.0 = Release|Win32
		{F06BE4F2-BF57-4AE4-8F10-87F09D6AC6F2}.Debug|x64.ActiveCfg = Debug|x64
		{F06BE4F2-BF57-4AE4-8F10-87F09D6AC6F2}.Debug|x64.Build.0 = Debug|x64
		{F06BE4F2-BF57-4AE4-8F10-87F09D6AC6F2}.Debug|x86.ActiveCfg = Debug|Win32
		{F06BE4F2-BF57-4AE4-8F10-87F09D6AC6F2}.Debug|x86.Build.0 = Debug|Win32
		{F06BE4F2-BF57-4AE4-8F10-87F09D6AC6F2}.Release|x64.ActiveCfg = Release|x64
		{F06BE4F2-BF57-4AE4-8F10-87F09D6AC6F2}.Release|x64.Build.0 = Release|x64
		{F06BE4F2-BF57-4AE4-8F10-87F09D6AC6F2}.Release|x86.ActiveCfg = Release|Win32
		{F06BE4F2-BF57-4AE4-8F10-87F09D6AC6F2}.Release|x86.Build.0 = Release|Win32
		{F7C6FEBE-1D1F-4493-8121-6A11B31C99FC}.Debug|x64.ActiveCfg = Debug|x64
		{F7C6FEBE-1D1F-4493-8121-6A11B31C99FC}.Debug|x64.Build.0 = Debug|x64
		{F7C6FEBE-1D1F-4493-8121-6A11B31C99FC}.Debug|x86.ActiveCfg = Debug|Win32
		{F7C6FEBE-1D1F-4493-8121-6A11B31C99FC}.Debug|x86.Build.0 = Debug|Win32
		{F7C6FEBE-1D1F-4493-8121-6A11B31C99FC}.Release|x64.ActiveCfg = Release|x64
		{F7C6FEBE-1D1F-4493-8121-6A11B31C99FC}.Release|x64.Build.0 = Release|x64
		{F7C6FEBE-1D1F-4493-8121-6A11B31C99FC}.Release|x86.ActiveCfg = Release|Win32
		{F7C6FEBE-1D1F-4493-8121-6A11B31C99FC}.Release|x86.Build.0 = Release|Win32
		{7B3CB066-0C07-4423-9AFA-B7A83E33C674}.Debug|x64.ActiveCfg = Debug|x64
		{7B3CB066-0C07-4423-9AFA-B7A83E33C674}.Debug|x64.Build.0 = Debug|x64
		{7B3CB066-0C07-4423-9AFA-B7A83E33C674}.Debug|x86.ActiveCfg = Debug|Win32
		{7B3CB066-0C07-4423-9AFA-B7A83E33C674}.Debug|x86.Build.0 = Debug|Win32
		{7B3CB066-0C07-4423-9AFA-B7A83E33C674}.Release|x64.ActiveCfg = Release|x64
		{7B3CB066-0C07-4423-9AFA-B7A83E33C674}.Release|x64.Build.0 = Release|x64
		{7B3CB066-0C07-4423-9AFA-B7A83E33C674}.Release|x86.ActiveCfg = Release|Win32
		{7B3CB066-0C07-4423-9AFA-B7A83E33C674}.Release|x86.Build.0 = Release|Win32
		{5DE791E4-E15E-4045-866E-25539CE239F3}.Debug|x64.ActiveCfg = Debug|x64
		{5DE791E4-E15E-4045-866E-25539CE239F3}.Debug|x64.Build.0 = Debug|x64
		{5DE791E4-E15E-4045-866E-25539CE239F3}.Debug|x86.ActiveCfg = Debug|Win32
		{5DE791E4-E15E-4045-866E-25539CE239F3}.Debug|x86.Build.0 = Debug|Win32
		{5DE791E4-E15E-4045-866E-25539CE239F3}.Release|x64.ActiveCfg = Release|x64
		{5DE791E4-E15E-4045-866E-25539CE239F3}.Release|x64.Build.0 = Release|x64
		{5DE791E4-E15E-4045-866E-25539CE239F3}.Release|x86.ActiveCfg = Release|Win32
		{5DE791E4-E15E-4045-866E-25539CE239F3}.Release|x86.Build.0 = Release|Win32
		{1F8B9D26-6FB3-467E-BB2B-9218CC420B55}.Debug|x64.ActiveCfg = Debug|x64
		{1F8B9D26-6FB3-467E-BB2B-9218CC420B55}.Debug|x64.Build.0 = Debug|x64
		{1F8B9D26-6FB3-467E-BB2B-9218CC420B55}.Debug|x86.ActiveCfg = Debug|Win32
		{1F8B9D26-6FB3-467E-BB2B-9218CC420B55}.Debug|x86.Build.0 = Debug|Win32
		{1F8B9D26-6FB3-467E-BB2B-9218CC420B55}.Release|x64.ActiveCfg = Release|x64
		{1F8B9D26-6FB3-467E-BB2B-9218CC420B55}.Release|x64.Build.0 = Release|x64
		{1F8B9D26-6FB3-467E-BB2B-9218CC420B55}.Release|x86.ActiveCfg = Release|Win32
		{1F8B9D26-6FB3-467E-BB2B-9218CC420B55}.Release|x86.Build.0 = Release|Win32
		{23C75397-4C6D-4F0C-BDF5-2E0B51418509}.Debug|x64.ActiveCfg = Debug|x64
		{23C75397-4C6D-4F0C-BDF5-2E0B51418509}.Debug|x64.Build.0 = Debug|x64
		{23C75397-4C6D-4F0C-BDF5-2E0B51418509}.Debug|x86.ActiveCfg = Debug|Win32
		{23C75397-4C6D-4F0C-BDF5-2E0B51418509}.Debug|x86.Build.0 = Debug|Win32
		{23C75397-4C6D-4F0C-BDF5-2E0B51418509}.Release|x64.ActiveCfg = Release|x64
		{23C75397-4C6D-4F0C-BDF5-2E0B51418509}.Release|x64.Build.0 = Release|x64
		{23C75397-4C6D-4F0C-BDF5-2E0B51418509}.Release|x86.ActiveCfg = Release|Win32
		{23C75397-4C6D-4F0C-BDF5-2E0B51418509}.Release|x86.Build.0 = Release|Win32
		{69D259D0-1E5D-4CA4-9D86-505725208383}.Debug|x64.ActiveCfg = Debug|x64
		{69D259D0-1E5D-4CA4-9D86-505725208383}.Debug|x64.Build.0 = Debug|x64
		{69D259D0-1E5D-4CA4-9D86-505725208383}.Debug|x86.ActiveCfg = Debug|Win32
		{69D259D0-1E5D-4CA4-9D86-505725208383}.Debug|x86.Build.0 = Debug|Win32
		{69D259D0-1E5D-4CA4-9D86-505725208383}.Release|x64.ActiveCfg = Release|x64
		{69D259D0-1E5D-4CA4-9D86-505725208383}.Release|x64.Build.0 = Release|x64
		{69D259D0-1E5D-4CA4-9D86-505725208383}.Release|x86.ActiveCfg = Release|Win32
		{69D259D0-1E5D-4CA4-9D86-505725208383}.Release|x86.Build.0 = Release|Win32
		{DEF8A712-ADC6-4492-AF77-82E8EBED1D79}.Debug|x64.ActiveCfg = Debug|x64
		{DEF8A712-ADC6-4492-AF77-82E8EBED1D79}.Debug|x64.Build.0 = Debug|x64
		{DEF8A712-ADC6-4492-AF77-82E8EBED1D79}.Debug|x86.ActiveCfg = Debug|Win32
		{DEF8A712-ADC6-4492-AF77-82E8EBED1D79}.Debug|x86.Build.0 = Debug|Win32
		{DEF8A712-ADC6-4492-AF77-82E8EBED1D79}.Release|x64.ActiveCfg = Release|x64
		{DEF8A712-ADC6-4492-AF77-82E8EBED1D79}.Release|x64.Build.0 = Release|x64
		{DEF8A712-ADC6-4492-AF77-82E8EBED1D79}.Release|x86.ActiveCfg = Release|Win32
		{DEF8A712-ADC6-4492-AF77-82E8EBED1D79}.Release|x86.Build.0 = Release|Win32
		{81A401A2-4228-402E-AF67-13056C4F520B}.Debug|x64.ActiveCfg = Debug|x64
		{81A401A2-4228-402E-AF67-13056C4F520B}.Debug|x64.Build.0 = Debug|x64
		{81A401A2-4228-402E-AF67-13056C4F520B}.Debug|x86.ActiveCfg = Debug|Win32
		{81A401A2-4228-402E-AF67-13056C4F520B}.Debug|x86.Build.0 = Debug|Win32
		{81A401A2-4228-402E-AF67-13056C4F520B}.Release|x64.ActiveCfg = Release|x64
		{81A401A2-4228-402E-AF67-13056C4F520B}.Release|x64.Build.0 = Release|x64
		{81A401A2-4228-402E-AF67-13056C4F520B}.Release|x86.ActiveCfg = Release|Win32
		{81A401A2-4228-402E-AF67-13056C4F520B}.Release|x86.Build.0 = Release|Win32
		{E1E54DFB-A7CB-42A5-B4E6-5E6CA3BA532C}.Debug|x64.ActiveCfg = Debug|x64
		{E1E54DFB-A7CB-42A5-B4E6-5E6CA3BA532C}.Debug|x64.Build.0 = Debug|x64
		{E1E54DFB-A7CB-42A5-B4E6-5E6CA3BA532C}.Debug|x86.ActiveCfg = Debug|Win32
		{E1E54DFB-A7CB-42A5-B4E6-5E6CA3BA532C}.Debug|x86.Build.0 = Debug|Win32
		{E1E54DFB-A7CB-42A5-B4E6-5E6CA3BA532C}.Release|x64.ActiveCfg = Release|x64
		{E1E54DFB-A7CB-42A5-B4E6-5E6CA3BA532C}.Release|x64.Build.0 = Release|x64
		{E1E54DFB-A7CB-42A5-B4E6-5E6CA3BA532C}.Release|x86.ActiveCfg = Release|Win32
		{E1E54DFB-A7CB-42A5-B4E6-5E6CA3BA532C}.Release|x86.Build.0 = Release|Win32
		{CC6F39C1-4797-4F7F-B347-E4F461EC683B}.Debug|x64.ActiveCfg = Debug|x64
		{CC6F39C1-4797-4F7F-B347-E4F461EC683B}.Debug|x64.Build.0 = Debug|x64
		{CC6F39C1-4797-4F7F-B347-E4F461EC683B}.Debug|x86.ActiveCfg = Debug|Win32
		{CC6F39C1-4797-4F7F-B347-E4F461EC683B}.Debug|x86.Build.0 = Debug|Win32
		{CC6F39C1-4797-4F7F-B347-E4F461EC683B}.Release|x64.ActiveCfg = Release|x64
		{CC6F39C1-4797-4F7F-B347-E4F461EC683B}.Release|x64.Build.0 = Release|x64
		{CC6F39C1-4797-4F7F-B347-E4F461EC683B}.Release|x86.ActiveCfg = Release|Win32
		{CC6F39C1-4797-4F7F-B347-E4F461EC683B}.Release|x86.Build.0 = Release|Win32
		{A2F60815-0B87-4780-B4C2-644BD6934FC3}.Debug|x64.ActiveCfg = Debug|x64
		{A2F60815-0B87-4780-B4C2-644BD6934FC3}.Debug|x64.Build.0 = Debug|x64
		{A2F60815-0B87-4780-B4C2-644BD6934FC3}.Debug|x86.ActiveCfg = Debug|Win32
		{A2F60815-0B87-4780-B4C2-644BD6934FC3}.Debug|x86.Build.0 = Debug|Win32
		{A2F60815-0B87-4780-B4C2-644BD6934FC3}.Release|x64.ActiveCfg = Release|x64
		{A2F60815-0B87-4780-B4C2-644BD6934FC3}.Release|x64.Build.0 = Release|x64
		{A2F60815-0B87-4780-B4C2-644BD6934FC3}.Release|x86.ActiveCfg = Release|Win32
		{A2F60815-0B87-4780-B4C2-644BD6934FC3}.Release|x86.Build.0 = Release|Win32
		{CEA5A7B2-2A3E-4112-9EA0-8F3CA34293A0}.Debug|x64.ActiveCfg = Debug|x64
		{CEA5A7B2-2A3E-4112-9EA0-8F3CA34293A0}.Debug|x64.Build.0 = Debug|x64
		{CEA5A7B2-2A3E-4112-9EA0-8F3CA34293A0}.Debug|x86.ActiveCfg = Debug|Win32
		{CEA5A7B2-2A3E-4112-9EA0-8F3CA34293A0}.Debug|x86.Build.0 = Debug|Win32
		{CEA5A7B2-2A3E-4112-9EA0-8F3CA34293A0}.Release|x64.ActiveCfg = Release|x64
		{CEA5A7B2-2A3E-4112-9EA0-8F3CA34293A0}.Release|x64.Build.0 = Release|x64
		{CEA5A7B2-2A3E-4112-9EA0-8F3CA34293A0}.Release|x86.ActiveCfg = Release|Win32
		{CEA5A7B2-2A3E-4112-9EA0-8F3CA34293A0}.Release|x86.Build.0 = Release|Win32
		{8F22C909-AB3E-4BE7-BD17-3D086E79F823}.Debug|x64.ActiveCfg = Debug|x64
		{8F22C909-AB3E-4BE7-BD17-3D086E79F823}.Debug|x64.Build.0 = Debug|x64
		{8F22C909-AB3E-4BE7-BD17-3D086E79F823}.Debug|x86.ActiveCfg = Debug|Win32
		{8F22C909-AB3E-4BE7-BD17-3D086E79F823}.Debug|x86.Build.0 = Debug|Win32
		{8F22C909-AB3E-4BE7-BD17-3D086E79F823}.Release|x64.ActiveCfg = Release|x64
		{8F22C909-AB3E-4BE7-BD17-3D086E79F823}.Release|x64.Build.0 = Release|x64
		{8F22C909-AB3E-4BE7-BD17-3D086E79F823}.Release|x86.ActiveCfg = Release|Win32
		{8F22C909-AB3E-4BE7-BD17-3D086E79F823}.Release|x86.Build.0 = Release|Win32
	EndGlobalSection
	GlobalSection(SolutionProperties) = preSolution
		HideSolutionNode = FALSE
	EndGlobalSection
	GlobalSection(ExtensibilityGlobals) = postSolution
		SolutionGuid = {FED5A1BB-8E24-42CD-A325-8FC64C32D2C2}
	EndGlobalSection
EndGlobal
