
Microsoft Visual Studio Solution File, Format Version 12.00
# Visual Studio Version 17
VisualStudioVersion = 17.13.35919.96 d17.13
MinimumVisualStudioVersion = 10.0.40219.1
Project("{8BC9CEB8-8B4A-11D0-8D11-00A0C91BC942}") = "DatDai", "DatDai\DatDai.vcxproj", "{D1ED1008-06A6-4315-ACA1-777CEE09AC25}"
EndProject
Global
	GlobalSection(SolutionConfigurationPlatforms) = preSolution
		Debug|x64 = Debug|x64
		Debug|x86 = Debug|x86
		Release|x64 = Release|x64
		Release|x86 = Release|x86
	EndGlobalSection
	GlobalSection(ProjectConfigurationPlatforms) = postSolution
		{D1ED1008-06A6-4315-ACA1-777CEE09AC25}.Debug|x64.ActiveCfg = Debug|x64
		{D1ED1008-06A6-4315-ACA1-777CEE09AC25}.Debug|x64.Build.0 = Debug|x64
		{D1ED1008-06A6-4315-ACA1-777CEE09AC25}.Debug|x86.ActiveCfg = Debug|Win32
		{D1ED1008-06A6-4315-ACA1-777CEE09AC25}.Debug|x86.Build.0 = Debug|Win32
		{D1ED1008-06A6-4315-ACA1-777CEE09AC25}.Release|x64.ActiveCfg = Release|x64
		{D1ED1008-06A6-4315-ACA1-777CEE09AC25}.Release|x64.Build.0 = Release|x64
		{D1ED1008-06A6-4315-ACA1-777CEE09AC25}.Release|x86.ActiveCfg = Release|Win32
		{D1ED1008-06A6-4315-ACA1-777CEE09AC25}.Release|x86.Build.0 = Release|Win32
	EndGlobalSection
	GlobalSection(SolutionProperties) = preSolution
		HideSolutionNode = FALSE
	EndGlobalSection
	GlobalSection(ExtensibilityGlobals) = postSolution
		SolutionGuid = {5894FBEE-438D-4FB0-BEE0-B4FD8C64BB64}
	EndGlobalSection
EndGlobal
