
Microsoft Visual Studio Solution File, Format Version 12.00
# Visual Studio Version 17
VisualStudioVersion = 17.13.35931.197 d17.13
MinimumVisualStudioVersion = 10.0.40219.1
Project("{8BC9CEB8-8B4A-11D0-8D11-00A0C91BC942}") = "Bai01", "Bai01\Bai01.vcxproj", "{6E16C981-4C3A-4AF3-A773-649370528915}"
EndProject
Project("{8BC9CEB8-8B4A-11D0-8D11-00A0C91BC942}") = "Bai02", "Bai02\Bai02.vcxproj", "{1CFA971B-6457-49DD-9E30-BB25D795AAC2}"
EndProject
Project("{8BC9CEB8-8B4A-11D0-8D11-00A0C91BC942}") = "Bai03", "Bai03\Bai03.vcxproj", "{5BD66093-EBC6-4EAE-90F9-BCAC6213BBF0}"
EndProject
Project("{8BC9CEB8-8B4A-11D0-8D11-00A0C91BC942}") = "Bai04", "Bai04\Bai04.vcxproj", "{4671E1F9-1486-4F95-ACBF-6C2550C7F5EF}"
EndProject
Project("{8BC9CEB8-8B4A-11D0-8D11-00A0C91BC942}") = "Bai05", "Bai05\Bai05.vcxproj", "{824EBB0C-883B-4343-9120-12970112D81C}"
EndProject
Project("{8BC9CEB8-8B4A-11D0-8D11-00A0C91BC942}") = "Bai06", "Bai06\Bai06.vcxproj", "{0CD7224D-4619-42D3-91FB-848D95E67957}"
EndProject
Project("{8BC9CEB8-8B4A-11D0-8D11-00A0C91BC942}") = "Bai07", "Bai07\Bai07.vcxproj", "{4EB86FDB-0B44-4C57-8522-977128238192}"
EndProject
Project("{8BC9CEB8-8B4A-11D0-8D11-00A0C91BC942}") = "Bai08", "Bai08\Bai08.vcxproj", "{94BBC1E0-D9A8-4571-BABE-E6044CD60463}"
EndProject
Project("{8BC9CEB8-8B4A-11D0-8D11-00A0C91BC942}") = "Bai09", "Bai09\Bai09.vcxproj", "{40AD9643-3C5F-4286-BC25-94927AE2BC84}"
EndProject
Project("{8BC9CEB8-8B4A-11D0-8D11-00A0C91BC942}") = "Bai10", "Bai10\Bai10.vcxproj", "{85AD8A35-1CE4-4373-BA6C-ADF0CCF8A17C}"
EndProject
Project("{8BC9CEB8-8B4A-11D0-8D11-00A0C91BC942}") = "Bai11", "Bai11\Bai11.vcxproj", "{73F2DD61-68C6-483D-A89B-49BF72746DDA}"
EndProject
Project("{8BC9CEB8-8B4A-11D0-8D11-00A0C91BC942}") = "Bai12", "Bai12\Bai12.vcxproj", "{49A0999E-EC84-41BD-8047-DBE290FB8B31}"
EndProject
Global
	GlobalSection(SolutionConfigurationPlatforms) = preSolution
		Debug|x64 = Debug|x64
		Debug|x86 = Debug|x86
		Release|x64 = Release|x64
		Release|x86 = Release|x86
	EndGlobalSection
	GlobalSection(ProjectConfigurationPlatforms) = postSolution
		{6E16C981-4C3A-4AF3-A773-649370528915}.Debug|x64.ActiveCfg = Debug|x64
		{6E16C981-4C3A-4AF3-A773-649370528915}.Debug|x64.Build.0 = Debug|x64
		{6E16C981-4C3A-4AF3-A773-649370528915}.Debug|x86.ActiveCfg = Debug|Win32
		{6E16C981-4C3A-4AF3-A773-649370528915}.Debug|x86.Build.0 = Debug|Win32
		{6E16C981-4C3A-4AF3-A773-649370528915}.Release|x64.ActiveCfg = Release|x64
		{6E16C981-4C3A-4AF3-A773-649370528915}.Release|x64.Build.0 = Release|x64
		{6E16C981-4C3A-4AF3-A773-649370528915}.Release|x86.ActiveCfg = Release|Win32
		{6E16C981-4C3A-4AF3-A773-649370528915}.Release|x86.Build.0 = Release|Win32
		{1CFA971B-6457-49DD-9E30-BB25D795AAC2}.Debug|x64.ActiveCfg = Debug|x64
		{1CFA971B-6457-49DD-9E30-BB25D795AAC2}.Debug|x64.Build.0 = Debug|x64
		{1CFA971B-6457-49DD-9E30-BB25D795AAC2}.Debug|x86.ActiveCfg = Debug|Win32
		{1CFA971B-6457-49DD-9E30-BB25D795AAC2}.Debug|x86.Build.0 = Debug|Win32
		{1CFA971B-6457-49DD-9E30-BB25D795AAC2}.Release|x64.ActiveCfg = Release|x64
		{1CFA971B-6457-49DD-9E30-BB25D795AAC2}.Release|x64.Build.0 = Release|x64
		{1CFA971B-6457-49DD-9E30-BB25D795AAC2}.Release|x86.ActiveCfg = Release|Win32
		{1CFA971B-6457-49DD-9E30-BB25D795AAC2}.Release|x86.Build.0 = Release|Win32
		{5BD66093-EBC6-4EAE-90F9-BCAC6213BBF0}.Debug|x64.ActiveCfg = Debug|x64
		{5BD66093-EBC6-4EAE-90F9-BCAC6213BBF0}.Debug|x64.Build.0 = Debug|x64
		{5BD66093-EBC6-4EAE-90F9-BCAC6213BBF0}.Debug|x86.ActiveCfg = Debug|Win32
		{5BD66093-EBC6-4EAE-90F9-BCAC6213BBF0}.Debug|x86.Build.0 = Debug|Win32
		{5BD66093-EBC6-4EAE-90F9-BCAC6213BBF0}.Release|x64.ActiveCfg = Release|x64
		{5BD66093-EBC6-4EAE-90F9-BCAC6213BBF0}.Release|x64.Build.0 = Release|x64
		{5BD66093-EBC6-4EAE-90F9-BCAC6213BBF0}.Release|x86.ActiveCfg = Release|Win32
		{5BD66093-EBC6-4EAE-90F9-BCAC6213BBF0}.Release|x86.Build.0 = Release|Win32
		{4671E1F9-1486-4F95-ACBF-6C2550C7F5EF}.Debug|x64.ActiveCfg = Debug|x64
		{4671E1F9-1486-4F95-ACBF-6C2550C7F5EF}.Debug|x64.Build.0 = Debug|x64
		{4671E1F9-1486-4F95-ACBF-6C2550C7F5EF}.Debug|x86.ActiveCfg = Debug|Win32
		{4671E1F9-1486-4F95-ACBF-6C2550C7F5EF}.Debug|x86.Build.0 = Debug|Win32
		{4671E1F9-1486-4F95-ACBF-6C2550C7F5EF}.Release|x64.ActiveCfg = Release|x64
		{4671E1F9-1486-4F95-ACBF-6C2550C7F5EF}.Release|x64.Build.0 = Release|x64
		{4671E1F9-1486-4F95-ACBF-6C2550C7F5EF}.Release|x86.ActiveCfg = Release|Win32
		{4671E1F9-1486-4F95-ACBF-6C2550C7F5EF}.Release|x86.Build.0 = Release|Win32
		{824EBB0C-883B-4343-9120-12970112D81C}.Debug|x64.ActiveCfg = Debug|x64
		{824EBB0C-883B-4343-9120-12970112D81C}.Debug|x64.Build.0 = Debug|x64
		{824EBB0C-883B-4343-9120-12970112D81C}.Debug|x86.ActiveCfg = Debug|Win32
		{824EBB0C-883B-4343-9120-12970112D81C}.Debug|x86.Build.0 = Debug|Win32
		{824EBB0C-883B-4343-9120-12970112D81C}.Release|x64.ActiveCfg = Release|x64
		{824EBB0C-883B-4343-9120-12970112D81C}.Release|x64.Build.0 = Release|x64
		{824EBB0C-883B-4343-9120-12970112D81C}.Release|x86.ActiveCfg = Release|Win32
		{824EBB0C-883B-4343-9120-12970112D81C}.Release|x86.Build.0 = Release|Win32
		{0CD7224D-4619-42D3-91FB-848D95E67957}.Debug|x64.ActiveCfg = Debug|x64
		{0CD7224D-4619-42D3-91FB-848D95E67957}.Debug|x64.Build.0 = Debug|x64
		{0CD7224D-4619-42D3-91FB-848D95E67957}.Debug|x86.ActiveCfg = Debug|Win32
		{0CD7224D-4619-42D3-91FB-848D95E67957}.Debug|x86.Build.0 = Debug|Win32
		{0CD7224D-4619-42D3-91FB-848D95E67957}.Release|x64.ActiveCfg = Release|x64
		{0CD7224D-4619-42D3-91FB-848D95E67957}.Release|x64.Build.0 = Release|x64
		{0CD7224D-4619-42D3-91FB-848D95E67957}.Release|x86.ActiveCfg = Release|Win32
		{0CD7224D-4619-42D3-91FB-848D95E67957}.Release|x86.Build.0 = Release|Win32
		{4EB86FDB-0B44-4C57-8522-977128238192}.Debug|x64.ActiveCfg = Debug|x64
		{4EB86FDB-0B44-4C57-8522-977128238192}.Debug|x64.Build.0 = Debug|x64
		{4EB86FDB-0B44-4C57-8522-977128238192}.Debug|x86.ActiveCfg = Debug|Win32
		{4EB86FDB-0B44-4C57-8522-977128238192}.Debug|x86.Build.0 = Debug|Win32
		{4EB86FDB-0B44-4C57-8522-977128238192}.Release|x64.ActiveCfg = Release|x64
		{4EB86FDB-0B44-4C57-8522-977128238192}.Release|x64.Build.0 = Release|x64
		{4EB86FDB-0B44-4C57-8522-977128238192}.Release|x86.ActiveCfg = Release|Win32
		{4EB86FDB-0B44-4C57-8522-977128238192}.Release|x86.Build.0 = Release|Win32
		{94BBC1E0-D9A8-4571-BABE-E6044CD60463}.Debug|x64.ActiveCfg = Debug|x64
		{94BBC1E0-D9A8-4571-BABE-E6044CD60463}.Debug|x64.Build.0 = Debug|x64
		{94BBC1E0-D9A8-4571-BABE-E6044CD60463}.Debug|x86.ActiveCfg = Debug|Win32
		{94BBC1E0-D9A8-4571-BABE-E6044CD60463}.Debug|x86.Build.0 = Debug|Win32
		{94BBC1E0-D9A8-4571-BABE-E6044CD60463}.Release|x64.ActiveCfg = Release|x64
		{94BBC1E0-D9A8-4571-BABE-E6044CD60463}.Release|x64.Build.0 = Release|x64
		{94BBC1E0-D9A8-4571-BABE-E6044CD60463}.Release|x86.ActiveCfg = Release|Win32
		{94BBC1E0-D9A8-4571-BABE-E6044CD60463}.Release|x86.Build.0 = Release|Win32
		{40AD9643-3C5F-4286-BC25-94927AE2BC84}.Debug|x64.ActiveCfg = Debug|x64
		{40AD9643-3C5F-4286-BC25-94927AE2BC84}.Debug|x64.Build.0 = Debug|x64
		{40AD9643-3C5F-4286-BC25-94927AE2BC84}.Debug|x86.ActiveCfg = Debug|Win32
		{40AD9643-3C5F-4286-BC25-94927AE2BC84}.Debug|x86.Build.0 = Debug|Win32
		{40AD9643-3C5F-4286-BC25-94927AE2BC84}.Release|x64.ActiveCfg = Release|x64
		{40AD9643-3C5F-4286-BC25-94927AE2BC84}.Release|x64.Build.0 = Release|x64
		{40AD9643-3C5F-4286-BC25-94927AE2BC84}.Release|x86.ActiveCfg = Release|Win32
		{40AD9643-3C5F-4286-BC25-94927AE2BC84}.Release|x86.Build.0 = Release|Win32
		{85AD8A35-1CE4-4373-BA6C-ADF0CCF8A17C}.Debug|x64.ActiveCfg = Debug|x64
		{85AD8A35-1CE4-4373-BA6C-ADF0CCF8A17C}.Debug|x64.Build.0 = Debug|x64
		{85AD8A35-1CE4-4373-BA6C-ADF0CCF8A17C}.Debug|x86.ActiveCfg = Debug|Win32
		{85AD8A35-1CE4-4373-BA6C-ADF0CCF8A17C}.Debug|x86.Build.0 = Debug|Win32
		{85AD8A35-1CE4-4373-BA6C-ADF0CCF8A17C}.Release|x64.ActiveCfg = Release|x64
		{85AD8A35-1CE4-4373-BA6C-ADF0CCF8A17C}.Release|x64.Build.0 = Release|x64
		{85AD8A35-1CE4-4373-BA6C-ADF0CCF8A17C}.Release|x86.ActiveCfg = Release|Win32
		{85AD8A35-1CE4-4373-BA6C-ADF0CCF8A17C}.Release|x86.Build.0 = Release|Win32
		{73F2DD61-68C6-483D-A89B-49BF72746DDA}.Debug|x64.ActiveCfg = Debug|x64
		{73F2DD61-68C6-483D-A89B-49BF72746DDA}.Debug|x64.Build.0 = Debug|x64
		{73F2DD61-68C6-483D-A89B-49BF72746DDA}.Debug|x86.ActiveCfg = Debug|Win32
		{73F2DD61-68C6-483D-A89B-49BF72746DDA}.Debug|x86.Build.0 = Debug|Win32
		{73F2DD61-68C6-483D-A89B-49BF72746DDA}.Release|x64.ActiveCfg = Release|x64
		{73F2DD61-68C6-483D-A89B-49BF72746DDA}.Release|x64.Build.0 = Release|x64
		{73F2DD61-68C6-483D-A89B-49BF72746DDA}.Release|x86.ActiveCfg = Release|Win32
		{73F2DD61-68C6-483D-A89B-49BF72746DDA}.Release|x86.Build.0 = Release|Win32
		{49A0999E-EC84-41BD-8047-DBE290FB8B31}.Debug|x64.ActiveCfg = Debug|x64
		{49A0999E-EC84-41BD-8047-DBE290FB8B31}.Debug|x64.Build.0 = Debug|x64
		{49A0999E-EC84-41BD-8047-DBE290FB8B31}.Debug|x86.ActiveCfg = Debug|Win32
		{49A0999E-EC84-41BD-8047-DBE290FB8B31}.Debug|x86.Build.0 = Debug|Win32
		{49A0999E-EC84-41BD-8047-DBE290FB8B31}.Release|x64.ActiveCfg = Release|x64
		{49A0999E-EC84-41BD-8047-DBE290FB8B31}.Release|x64.Build.0 = Release|x64
		{49A0999E-EC84-41BD-8047-DBE290FB8B31}.Release|x86.ActiveCfg = Release|Win32
		{49A0999E-EC84-41BD-8047-DBE290FB8B31}.Release|x86.Build.0 = Release|Win32
	EndGlobalSection
	GlobalSection(SolutionProperties) = preSolution
		HideSolutionNode = FALSE
	EndGlobalSection
	GlobalSection(ExtensibilityGlobals) = postSolution
		SolutionGuid = {180B59EC-6E19-474E-A837-3250FE1A3973}
	EndGlobalSection
EndGlobal
